
Microsoft Visual Studio Solution File, Format Version 12.00
# Visual Studio Version 16
VisualStudioVersion = 16.0.32126.315
MinimumVisualStudioVersion = 10.0.40219.1
Project("{9A19103F-16F7-4668-BE54-9A1E7A4F7556}") = "PhoneDataLookupTest", "PhoneDataLookupTest\PhoneDataLookupTest.csproj", "{AC856C8C-02C0-4ABD-909A-8C97B18A22D1}"
EndProject
Project("{FAE04EC0-301F-11D3-BF4B-00C04F79EFBC}") = "PhoneDataLookup", "PhoneDataLookup\PhoneDataLookup.csproj", "{DB7FC5D0-A625-4040-938B-0B8E472A3C02}"
EndProject
Global
	GlobalSection(SolutionConfigurationPlatforms) = preSolution
		Debug|Any CPU = Debug|Any CPU
		Release|Any CPU = Release|Any CPU
	EndGlobalSection
	GlobalSection(ProjectConfigurationPlatforms) = postSolution
		{AC856C8C-02C0-4ABD-909A-8C97B18A22D1}.Debug|Any CPU.ActiveCfg = Debug|Any CPU
		{AC856C8C-02C0-4ABD-909A-8C97B18A22D1}.Debug|Any CPU.Build.0 = Debug|Any CPU
		{AC856C8C-02C0-4ABD-909A-8C97B18A22D1}.Release|Any CPU.ActiveCfg = Release|Any CPU
		{AC856C8C-02C0-4ABD-909A-8C97B18A22D1}.Release|Any CPU.Build.0 = Release|Any CPU
		{DB7FC5D0-A625-4040-938B-0B8E472A3C02}.Debug|Any CPU.ActiveCfg = Debug|Any CPU
		{DB7FC5D0-A625-4040-938B-0B8E472A3C02}.Debug|Any CPU.Build.0 = Debug|Any CPU
		{DB7FC5D0-A625-4040-938B-0B8E472A3C02}.Release|Any CPU.ActiveCfg = Release|Any CPU
		{DB7FC5D0-A625-4040-938B-0B8E472A3C02}.Release|Any CPU.Build.0 = Release|Any CPU
	EndGlobalSection
	GlobalSection(SolutionProperties) = preSolution
		HideSolutionNode = FALSE
	EndGlobalSection
	GlobalSection(ExtensibilityGlobals) = postSolution
		SolutionGuid = {4ED12AE0-4042-4662-9F93-E173F48A4856}
	EndGlobalSection
EndGlobal
